
Microsoft Visual Studio Solution File, Format Version 12.00
# Visual Studio 15
Project("{FAE04EC0-301F-11D3-BF4B-00C04F79EFBC}") = "Infinite Runner", "Infinite Runner.csproj", "{DCB096BF-0095-DCCE-6468-47B5E5A21163}"
EndProject
Global
	GlobalSection(SolutionConfigurationPlatforms) = preSolution
		Debug|Any CPU = Debug|Any CPU
		Release|Any CPU = Release|Any CPU
	EndGlobalSection
	GlobalSection(ProjectConfigurationPlatforms) = postSolution
		{DCB096BF-0095-DCCE-6468-47B5E5A21163}.Debug|Any CPU.ActiveCfg = Debug|Any CPU
		{DCB096BF-0095-DCCE-6468-47B5E5A21163}.Debug|Any CPU.Build.0 = Debug|Any CPU
		{DCB096BF-0095-DCCE-6468-47B5E5A21163}.Release|Any CPU.ActiveCfg = Release|Any CPU
		{DCB096BF-0095-DCCE-6468-47B5E5A21163}.Release|Any CPU.Build.0 = Release|Any CPU
	EndGlobalSection
	GlobalSection(SolutionProperties) = preSolution
		HideSolutionNode = FALSE
	EndGlobalSection
EndGlobal
